
Microsoft Visual Studio Solution File, Format Version 12.00
# Visual Studio Version 17
VisualStudioVersion = 17.14.36301.6 d17.14
MinimumVisualStudioVersion = 10.0.40219.1
Project("{FAE04EC0-301F-11D3-BF4B-00C04F79EFBC}") = "Purlieu.Ecs", "src\Purlieu.Ecs\Purlieu.Ecs.csproj", "{632ADEE7-4D19-4308-B16C-E084913A7EC1}"
EndProject
Global
	GlobalSection(SolutionConfigurationPlatforms) = preSolution
		Debug|Any CPU = Debug|Any CPU
		Release|Any CPU = Release|Any CPU
	EndGlobalSection
	GlobalSection(ProjectConfigurationPlatforms) = postSolution
		{632ADEE7-4D19-4308-B16C-E084913A7EC1}.Debug|Any CPU.ActiveCfg = Debug|Any CPU
		{632ADEE7-4D19-4308-B16C-E084913A7EC1}.Debug|Any CPU.Build.0 = Debug|Any CPU
		{632ADEE7-4D19-4308-B16C-E084913A7EC1}.Release|Any CPU.ActiveCfg = Release|Any CPU
		{632ADEE7-4D19-4308-B16C-E084913A7EC1}.Release|Any CPU.Build.0 = Release|Any CPU
	EndGlobalSection
	GlobalSection(SolutionProperties) = preSolution
		HideSolutionNode = FALSE
	EndGlobalSection
	GlobalSection(ExtensibilityGlobals) = postSolution
		SolutionGuid = {CDAA87AE-3698-49B3-9EC3-873DD9A5761A}
	EndGlobalSection
EndGlobal
